
Microsoft Visual Studio Solution File, Format Version 12.00
# Visual Studio Version 16
VisualStudioVersion = 16.0.29613.14
MinimumVisualStudioVersion = 10.0.40219.1
Project("{FAE04EC0-301F-11D3-BF4B-00C04F79EFBC}") = "ImdbApi", "ImdbApi\ImdbApi.csproj", "{35F1A71F-85EE-4787-9A13-571D13B9D2F9}"
EndProject
Global
	GlobalSection(SolutionConfigurationPlatforms) = preSolution
		Debug|Any CPU = Debug|Any CPU
		Release|Any CPU = Release|Any CPU
	EndGlobalSection
	GlobalSection(ProjectConfigurationPlatforms) = postSolution
		{35F1A71F-85EE-4787-9A13-571D13B9D2F9}.Debug|Any CPU.ActiveCfg = Debug|Any CPU
		{35F1A71F-85EE-4787-9A13-571D13B9D2F9}.Debug|Any CPU.Build.0 = Debug|Any CPU
		{35F1A71F-85EE-4787-9A13-571D13B9D2F9}.Release|Any CPU.ActiveCfg = Release|Any CPU
		{35F1A71F-85EE-4787-9A13-571D13B9D2F9}.Release|Any CPU.Build.0 = Release|Any CPU
	EndGlobalSection
	GlobalSection(SolutionProperties) = preSolution
		HideSolutionNode = FALSE
	EndGlobalSection
	GlobalSection(ExtensibilityGlobals) = postSolution
		SolutionGuid = {C0D2A86D-B3F5-4574-8C0E-BB40A81FBEB9}
	EndGlobalSection
EndGlobal
